
Microsoft Visual Studio Solution File, Format Version 12.00
# Visual Studio 15
VisualStudioVersion = 15.0.27703.2026
MinimumVisualStudioVersion = 10.0.40219.1
Project("{FAE04EC0-301F-11D3-BF4B-00C04F79EFBC}") = "SSHBackup2", "SSHBackup2\SSHBackup2.csproj", "{F42D9416-AB72-435B-B070-4AC8C8F69C76}"
EndProject
Global
	GlobalSection(SolutionConfigurationPlatforms) = preSolution
		Debug|Any CPU = Debug|Any CPU
		Release|Any CPU = Release|Any CPU
	EndGlobalSection
	GlobalSection(ProjectConfigurationPlatforms) = postSolution
		{F42D9416-AB72-435B-B070-4AC8C8F69C76}.Debug|Any CPU.ActiveCfg = Debug|Any CPU
		{F42D9416-AB72-435B-B070-4AC8C8F69C76}.Debug|Any CPU.Build.0 = Debug|Any CPU
		{F42D9416-AB72-435B-B070-4AC8C8F69C76}.Release|Any CPU.ActiveCfg = Release|Any CPU
		{F42D9416-AB72-435B-B070-4AC8C8F69C76}.Release|Any CPU.Build.0 = Release|Any CPU
	EndGlobalSection
	GlobalSection(SolutionProperties) = preSolution
		HideSolutionNode = FALSE
	EndGlobalSection
	GlobalSection(ExtensibilityGlobals) = postSolution
		SolutionGuid = {38417F43-8D8E-4E42-80A9-9AB533E67751}
	EndGlobalSection
EndGlobal
